
Microsoft Visual Studio Solution File, Format Version 11.00
# Visual Studio 2010
Project("{FAE04EC0-301F-11D3-BF4B-00C04F79EFBC}") = "LaggKart", "Assembly-CSharp-firstpass.csproj", "{A50B92A6-C04F-E298-C3E9-21BC9FB2BA83}"
EndProject
Project("{FAE04EC0-301F-11D3-BF4B-00C04F79EFBC}") = "LaggKart", "Assembly-CSharp.csproj", "{72493F61-0C12-2C9D-8B9A-C081D0503621}"
EndProject
Project("{FAE04EC0-301F-11D3-BF4B-00C04F79EFBC}") = "LaggKart", "Assembly-CSharp-Editor-firstpass.csproj", "{B95F0E78-E641-5E28-C2EA-4C3A43F12C73}"
EndProject
Global
	GlobalSection(SolutionConfigurationPlatforms) = preSolution
		Debug|Any CPU = Debug|Any CPU
		Release|Any CPU = Release|Any CPU
	EndGlobalSection
	GlobalSection(ProjectConfigurationPlatforms) = postSolution
		{A50B92A6-C04F-E298-C3E9-21BC9FB2BA83}.Debug|Any CPU.ActiveCfg = Debug|Any CPU
		{A50B92A6-C04F-E298-C3E9-21BC9FB2BA83}.Debug|Any CPU.Build.0 = Debug|Any CPU
		{A50B92A6-C04F-E298-C3E9-21BC9FB2BA83}.Release|Any CPU.ActiveCfg = Release|Any CPU
		{A50B92A6-C04F-E298-C3E9-21BC9FB2BA83}.Release|Any CPU.Build.0 = Release|Any CPU
		{72493F61-0C12-2C9D-8B9A-C081D0503621}.Debug|Any CPU.ActiveCfg = Debug|Any CPU
		{72493F61-0C12-2C9D-8B9A-C081D0503621}.Debug|Any CPU.Build.0 = Debug|Any CPU
		{72493F61-0C12-2C9D-8B9A-C081D0503621}.Release|Any CPU.ActiveCfg = Release|Any CPU
		{72493F61-0C12-2C9D-8B9A-C081D0503621}.Release|Any CPU.Build.0 = Release|Any CPU
		{B95F0E78-E641-5E28-C2EA-4C3A43F12C73}.Debug|Any CPU.ActiveCfg = Debug|Any CPU
		{B95F0E78-E641-5E28-C2EA-4C3A43F12C73}.Debug|Any CPU.Build.0 = Debug|Any CPU
		{B95F0E78-E641-5E28-C2EA-4C3A43F12C73}.Release|Any CPU.ActiveCfg = Release|Any CPU
		{B95F0E78-E641-5E28-C2EA-4C3A43F12C73}.Release|Any CPU.Build.0 = Release|Any CPU
	EndGlobalSection
	GlobalSection(SolutionProperties) = preSolution
		HideSolutionNode = FALSE
	EndGlobalSection
	GlobalSection(MonoDevelopProperties) = preSolution
		StartupItem = Assembly-CSharp.csproj
	EndGlobalSection
EndGlobal
